// !$*UTF8*$!
{
	archiveVersion = 1;
	classes = {
	};
	objectVersion = 46;
	objects = {

/* Begin PBXBuildFile section */
		84207C5C1D7B07650086A97F /* Restaurant.swift in Sources */ = {isa = PBXBuildFile; fileRef = 84207C5B1D7B07650086A97F /* Restaurant.swift */; };
		84207C621D7B122C0086A97F /* DetailViewController.swift in Sources */ = {isa = PBXBuildFile; fileRef = 84207C611D7B122C0086A97F /* DetailViewController.swift */; };
		8494BCB51D7A3F6E004CB836 /* AppDelegate.swift in Sources */ = {isa = PBXBuildFile; fileRef = 8494BCB41D7A3F6E004CB836 /* AppDelegate.swift */; };
		8494BCBA1D7A3F6E004CB836 /* Main.storyboard in Resources */ = {isa = PBXBuildFile; fileRef = 8494BCB81D7A3F6E004CB836 /* Main.storyboard */; };
		8494BCBC1D7A3F6E004CB836 /* Assets.xcassets in Resources */ = {isa = PBXBuildFile; fileRef = 8494BCBB1D7A3F6E004CB836 /* Assets.xcassets */; };
		8494BCBF1D7A3F6E004CB836 /* LaunchScreen.storyboard in Resources */ = {isa = PBXBuildFile; fileRef = 8494BCBD1D7A3F6E004CB836 /* LaunchScreen.storyboard */; };
		84B220801D837A6F007453D1 /* RestaurantTableViewController.swift in Sources */ = {isa = PBXBuildFile; fileRef = 84B2207F1D837A6F007453D1 /* RestaurantTableViewController.swift */; };
		84B220841D837C7B007453D1 /* RowTableViewCell.swift in Sources */ = {isa = PBXBuildFile; fileRef = 84B220831D837C7B007453D1 /* RowTableViewCell.swift */; };
		84B220871D838E24007453D1 /* RestaurantModel.swift in Sources */ = {isa = PBXBuildFile; fileRef = 84B220861D838E24007453D1 /* RestaurantModel.swift */; };
/* End PBXBuildFile section */

/* Begin PBXFileReference section */
		84207C5B1D7B07650086A97F /* Restaurant.swift */ = {isa = PBXFileReference; fileEncoding = 4; lastKnownFileType = sourcecode.swift; name = Restaurant.swift; path = Models/Restaurant.swift; sourceTree = "<group>"; };
		84207C611D7B122C0086A97F /* DetailViewController.swift */ = {isa = PBXFileReference; fileEncoding = 4; lastKnownFileType = sourcecode.swift; name = DetailViewController.swift; path = Controllers/DetailViewController.swift; sourceTree = "<group>"; };
		8494BCB11D7A3F6E004CB836 /* Restaurants.app */ = {isa = PBXFileReference; explicitFileType = wrapper.application; includeInIndex = 0; path = Restaurants.app; sourceTree = BUILT_PRODUCTS_DIR; };
		8494BCB41D7A3F6E004CB836 /* AppDelegate.swift */ = {isa = PBXFileReference; lastKnownFileType = sourcecode.swift; path = AppDelegate.swift; sourceTree = "<group>"; };
		8494BCB91D7A3F6E004CB836 /* Base */ = {isa = PBXFileReference; lastKnownFileType = file.storyboard; name = Base; path = Base.lproj/Main.storyboard; sourceTree = "<group>"; };
		8494BCBB1D7A3F6E004CB836 /* Assets.xcassets */ = {isa = PBXFileReference; lastKnownFileType = folder.assetcatalog; path = Assets.xcassets; sourceTree = "<group>"; };
		8494BCBE1D7A3F6E004CB836 /* Base */ = {isa = PBXFileReference; lastKnownFileType = file.storyboard; name = Base; path = Base.lproj/LaunchScreen.storyboard; sourceTree = "<group>"; };
		8494BCC01D7A3F6E004CB836 /* Info.plist */ = {isa = PBXFileReference; lastKnownFileType = text.plist.xml; path = Info.plist; sourceTree = "<group>"; };
		84B2207F1D837A6F007453D1 /* RestaurantTableViewController.swift */ = {isa = PBXFileReference; fileEncoding = 4; lastKnownFileType = sourcecode.swift; name = RestaurantTableViewController.swift; path = Controllers/RestaurantTableViewController.swift; sourceTree = "<group>"; };
		84B220831D837C7B007453D1 /* RowTableViewCell.swift */ = {isa = PBXFileReference; fileEncoding = 4; lastKnownFileType = sourcecode.swift; name = RowTableViewCell.swift; path = Views/RowTableViewCell.swift; sourceTree = "<group>"; };
		84B220861D838E24007453D1 /* RestaurantModel.swift */ = {isa = PBXFileReference; fileEncoding = 4; lastKnownFileType = sourcecode.swift; name = RestaurantModel.swift; path = Models/RestaurantModel.swift; sourceTree = "<group>"; };
/* End PBXFileReference section */

/* Begin PBXFrameworksBuildPhase section */
		8494BCAE1D7A3F6D004CB836 /* Frameworks */ = {
			isa = PBXFrameworksBuildPhase;
			buildActionMask = 2147483647;
			files = (
			);
			runOnlyForDeploymentPostprocessing = 0;
		};
/* End PBXFrameworksBuildPhase section */

/* Begin PBXGroup section */
		84207C5D1D7B07EE0086A97F /* Models */ = {
			isa = PBXGroup;
			children = (
				84207C5B1D7B07650086A97F /* Restaurant.swift */,
				84B220861D838E24007453D1 /* RestaurantModel.swift */,
			);
			name = Models;
			sourceTree = "<group>";
		};
		84207C601D7B109A0086A97F /* Controllers */ = {
			isa = PBXGroup;
			children = (
				84207C611D7B122C0086A97F /* DetailViewController.swift */,
				84B2207F1D837A6F007453D1 /* RestaurantTableViewController.swift */,
			);
			name = Controllers;
			sourceTree = "<group>";
		};
		8494BCA81D7A3F6D004CB836 = {
			isa = PBXGroup;
			children = (
				8494BCB31D7A3F6E004CB836 /* Restaurants */,
				8494BCB21D7A3F6E004CB836 /* Products */,
			);
			sourceTree = "<group>";
		};
		8494BCB21D7A3F6E004CB836 /* Products */ = {
			isa = PBXGroup;
			children = (
				8494BCB11D7A3F6E004CB836 /* Restaurants.app */,
			);
			name = Products;
			sourceTree = "<group>";
		};
		8494BCB31D7A3F6E004CB836 /* Restaurants */ = {
			isa = PBXGroup;
			children = (
				8494BCB41D7A3F6E004CB836 /* AppDelegate.swift */,
				8494BCB81D7A3F6E004CB836 /* Main.storyboard */,
				8494BCBB1D7A3F6E004CB836 /* Assets.xcassets */,
				8494BCBD1D7A3F6E004CB836 /* LaunchScreen.storyboard */,
				8494BCC01D7A3F6E004CB836 /* Info.plist */,
				84207C5D1D7B07EE0086A97F /* Models */,
				84207C601D7B109A0086A97F /* Controllers */,
				84B220851D837C81007453D1 /* Views */,
			);
			path = Restaurants;
			sourceTree = "<group>";
		};
		84B220851D837C81007453D1 /* Views */ = {
			isa = PBXGroup;
			children = (
				84B220831D837C7B007453D1 /* RowTableViewCell.swift */,
			);
			name = Views;
			sourceTree = "<group>";
		};
/* End PBXGroup section */

/* Begin PBXNativeTarget section */
		8494BCB01D7A3F6D004CB836 /* Restaurants */ = {
			isa = PBXNativeTarget;
			buildConfigurationList = 8494BCC31D7A3F6E004CB836 /* Build configuration list for PBXNativeTarget "Restaurants" */;
			buildPhases = (
				8494BCAD1D7A3F6D004CB836 /* Sources */,
				8494BCAE1D7A3F6D004CB836 /* Frameworks */,
				8494BCAF1D7A3F6D004CB836 /* Resources */,
			);
			buildRules = (
			);
			dependencies = (
			);
			name = Restaurants;
			productName = Restaurants;
			productReference = 8494BCB11D7A3F6E004CB836 /* Restaurants.app */;
			productType = "com.apple.product-type.application";
		};
/* End PBXNativeTarget section */

/* Begin PBXProject section */
		8494BCA91D7A3F6D004CB836 /* Project object */ = {
			isa = PBXProject;
			attributes = {
				LastSwiftUpdateCheck = 0730;
				LastUpgradeCheck = 0730;
				ORGANIZATIONNAME = eafit;
				TargetAttributes = {
					8494BCB01D7A3F6D004CB836 = {
						CreatedOnToolsVersion = 7.3.1;
					};
				};
			};
			buildConfigurationList = 8494BCAC1D7A3F6D004CB836 /* Build configuration list for PBXProject "Restaurants" */;
			compatibilityVersion = "Xcode 3.2";
			developmentRegion = English;
			hasScannedForEncodings = 0;
			knownRegions = (
				en,
				Base,
			);
			mainGroup = 8494BCA81D7A3F6D004CB836;
			productRefGroup = 8494BCB21D7A3F6E004CB836 /* Products */;
			projectDirPath = "";
			projectRoot = "";
			targets = (
				8494BCB01D7A3F6D004CB836 /* Restaurants */,
			);
		};
/* End PBXProject section */

/* Begin PBXResourcesBuildPhase section */
		8494BCAF1D7A3F6D004CB836 /* Resources */ = {
			isa = PBXResourcesBuildPhase;
			buildActionMask = 2147483647;
			files = (
				8494BCBF1D7A3F6E004CB836 /* LaunchScreen.storyboard in Resources */,
				8494BCBC1D7A3F6E004CB836 /* Assets.xcassets in Resources */,
				8494BCBA1D7A3F6E004CB836 /* Main.storyboard in Resources */,
			);
			runOnlyForDeploymentPostprocessing = 0;
		};
/* End PBXResourcesBuildPhase section */

/* Begin PBXSourcesBuildPhase section */
		8494BCAD1D7A3F6D004CB836 /* Sources */ = {
			isa = PBXSourcesBuildPhase;
			buildActionMask = 2147483647;
			files = (
				8494BCB51D7A3F6E004CB836 /* AppDelegate.swift in Sources */,
				84B220841D837C7B007453D1 /* RowTableViewCell.swift in Sources */,
				84207C5C1D7B07650086A97F /* Restaurant.swift in Sources */,
				84B220801D837A6F007453D1 /* RestaurantTableViewController.swift in Sources */,
				84B220871D838E24007453D1 /* RestaurantModel.swift in Sources */,
				84207C621D7B122C0086A97F /* DetailViewController.swift in Sources */,
			);
			runOnlyForDeploymentPostprocessing = 0;
		};
/* End PBXSourcesBuildPhase section */

/* Begin PBXVariantGroup section */
		8494BCB81D7A3F6E004CB836 /* Main.storyboard */ = {
			isa = PBXVariantGroup;
			children = (
				8494BCB91D7A3F6E004CB836 /* Base */,
			);
			name = Main.storyboard;
			sourceTree = "<group>";
		};
		8494BCBD1D7A3F6E004CB836 /* LaunchScreen.storyboard */ = {
			isa = PBXVariantGroup;
			children = (
				8494BCBE1D7A3F6E004CB836 /* Base */,
			);
			name = LaunchScreen.storyboard;
			sourceTree = "<group>";
		};
/* End PBXVariantGroup section */

/* Begin XCBuildConfiguration section */
		8494BCC11D7A3F6E004CB836 /* Debug */ = {
			isa = XCBuildConfiguration;
			buildSettings = {
				ALWAYS_SEARCH_USER_PATHS = NO;
				CLANG_ANALYZER_NONNULL = YES;
				CLANG_CXX_LANGUAGE_STANDARD = "gnu++0x";
				CLANG_CXX_LIBRARY = "libc++";
				CLANG_ENABLE_MODULES = YES;
				CLANG_ENABLE_OBJC_ARC = YES;
				CLANG_WARN_BOOL_CONVERSION = YES;
				CLANG_WARN_CONSTANT_CONVERSION = YES;
				CLANG_WARN_DIRECT_OBJC_ISA_USAGE = YES_ERROR;
				CLANG_WARN_EMPTY_BODY = YES;
				CLANG_WARN_ENUM_CONVERSION = YES;
				CLANG_WARN_INT_CONVERSION = YES;
				CLANG_WARN_OBJC_ROOT_CLASS = YES_ERROR;
				CLANG_WARN_UNREACHABLE_CODE = YES;
				CLANG_WARN__DUPLICATE_METHOD_MATCH = YES;
				"CODE_SIGN_IDENTITY[sdk=iphoneos*]" = "iPhone Developer";
				COPY_PHASE_STRIP = NO;
				DEBUG_INFORMATION_FORMAT = dwarf;
				ENABLE_STRICT_OBJC_MSGSEND = YES;
				ENABLE_TESTABILITY = YES;
				GCC_C_LANGUAGE_STANDARD = gnu99;
				GCC_DYNAMIC_NO_PIC = NO;
				GCC_NO_COMMON_BLOCKS = YES;
				GCC_OPTIMIZATION_LEVEL = 0;
				GCC_PREPROCESSOR_DEFINITIONS = (
					"DEBUG=1",
					"$(inherited)",
				);
				GCC_WARN_64_TO_32_BIT_CONVERSION = YES;
				GCC_WARN_ABOUT_RETURN_TYPE = YES_ERROR;
				GCC_WARN_UNDECLARED_SELECTOR = YES;
				GCC_WARN_UNINITIALIZED_AUTOS = YES_AGGRESSIVE;
				GCC_WARN_UNUSED_FUNCTION = YES;
				GCC_WARN_UNUSED_VARIABLE = YES;
				IPHONEOS_DEPLOYMENT_TARGET = 9.3;
				MTL_ENABLE_DEBUG_INFO = YES;
				ONLY_ACTIVE_ARCH = YES;
				SDKROOT = iphoneos;
				SWIFT_OPTIMIZATION_LEVEL = "-Onone";
				TARGETED_DEVICE_FAMILY = "1,2";
			};
			name = Debug;
		};
		8494BCC21D7A3F6E004CB836 /* Release */ = {
			isa = XCBuildConfiguration;
			buildSettings = {
				ALWAYS_SEARCH_USER_PATHS = NO;
				CLANG_ANALYZER_NONNULL = YES;
				CLANG_CXX_LANGUAGE_STANDARD = "gnu++0x";
				CLANG_CXX_LIBRARY = "libc++";
				CLANG_ENABLE_MODULES = YES;
				CLANG_ENABLE_OBJC_ARC = YES;
				CLANG_WARN_BOOL_CONVERSION = YES;
				CLANG_WARN_CONSTANT_CONVERSION = YES;
				CLANG_WARN_DIRECT_OBJC_ISA_USAGE = YES_ERROR;
				CLANG_WARN_EMPTY_BODY = YES;
				CLANG_WARN_ENUM_CONVERSION = YES;
				CLANG_WARN_INT_CONVERSION = YES;
				CLANG_WARN_OBJC_ROOT_CLASS = YES_ERROR;
				CLANG_WARN_UNREACHABLE_CODE = YES;
				CLANG_WARN__DUPLICATE_METHOD_MATCH = YES;
				"CODE_SIGN_IDENTITY[sdk=iphoneos*]" = "iPhone Developer";
				COPY_PHASE_STRIP = NO;
				DEBUG_INFORMATION_FORMAT = "dwarf-with-dsym";
				ENABLE_NS_ASSERTIONS = NO;
				ENABLE_STRICT_OBJC_MSGSEND = YES;
				GCC_C_LANGUAGE_STANDARD = gnu99;
				GCC_NO_COMMON_BLOCKS = YES;
				GCC_WARN_64_TO_32_BIT_CONVERSION = YES;
				GCC_WARN_ABOUT_RETURN_TYPE = YES_ERROR;
				GCC_WARN_UNDECLARED_SELECTOR = YES;
				GCC_WARN_UNINITIALIZED_AUTOS = YES_AGGRESSIVE;
				GCC_WARN_UNUSED_FUNCTION = YES;
				GCC_WARN_UNUSED_VARIABLE = YES;
				IPHONEOS_DEPLOYMENT_TARGET = 9.3;
				MTL_ENABLE_DEBUG_INFO = NO;
				SDKROOT = iphoneos;
				TARGETED_DEVICE_FAMILY = "1,2";
				VALIDATE_PRODUCT = YES;
			};
			name = Release;
		};
		8494BCC41D7A3F6E004CB836 /* Debug */ = {
			isa = XCBuildConfiguration;
			buildSettings = {
				ASSETCATALOG_COMPILER_APPICON_NAME = AppIcon;
				CODE_SIGN_IDENTITY = "iPhone Developer";
				INFOPLIST_FILE = Restaurants/Info.plist;
				LD_RUNPATH_SEARCH_PATHS = "$(inherited) @executable_path/Frameworks";
				PRODUCT_BUNDLE_IDENTIFIER = co.com.eafit.diplomado.Restaurants;
				PRODUCT_NAME = "$(TARGET_NAME)";
			};
			name = Debug;
		};
		8494BCC51D7A3F6E004CB836 /* Release */ = {
			isa = XCBuildConfiguration;
			buildSettings = {
				ASSETCATALOG_COMPILER_APPICON_NAME = AppIcon;
				CODE_SIGN_IDENTITY = "iPhone Developer";
				INFOPLIST_FILE = Restaurants/Info.plist;
				LD_RUNPATH_SEARCH_PATHS = "$(inherited) @executable_path/Frameworks";
				PRODUCT_BUNDLE_IDENTIFIER = co.com.eafit.diplomado.Restaurants;
				PRODUCT_NAME = "$(TARGET_NAME)";
			};
			name = Release;
		};
/* End XCBuildConfiguration section */

/* Begin XCConfigurationList section */
		8494BCAC1D7A3F6D004CB836 /* Build configuration list for PBXProject "Restaurants" */ = {
			isa = XCConfigurationList;
			buildConfigurations = (
				8494BCC11D7A3F6E004CB836 /* Debug */,
				8494BCC21D7A3F6E004CB836 /* Release */,
			);
			defaultConfigurationIsVisible = 0;
			defaultConfigurationName = Release;
		};
		8494BCC31D7A3F6E004CB836 /* Build configuration list for PBXNativeTarget "Restaurants" */ = {
			isa = XCConfigurationList;
			buildConfigurations = (
				8494BCC41D7A3F6E004CB836 /* Debug */,
				8494BCC51D7A3F6E004CB836 /* Release */,
			);
			defaultConfigurationIsVisible = 0;
			defaultConfigurationName = Release;
		};
/* End XCConfigurationList section */
	};
	rootObject = 8494BCA91D7A3F6D004CB836 /* Project object */;
}
